<Solution>
  <Project Path="Pracitce 3/Pracitce 3.csproj" Id="c30b7749-67f5-4c8b-8048-c0f5232539f7" />
  <Project Path="Practice 1/Practice 1.csproj" />
  <Project Path="Practice 2/Practice 2.csproj" Id="cf74afb4-5fb9-4b57-8710-02181a30a747" />
  <Project Path="Practice 4/Practice 4.csproj" Id="54f1fb6b-67e4-41f6-88f0-b9d05bfd66f1" />
</Solution>
