
Microsoft Visual Studio Solution File, Format Version 12.00
# Visual Studio Version 17
VisualStudioVersion = 17.14.36518.9 d17.14
MinimumVisualStudioVersion = 10.0.40219.1
Project("{FAE04EC0-301F-11D3-BF4B-00C04F79EFBC}") = "Task_2_DataTypes", "Task_2_DataTypes\Task_2_DataTypes.csproj", "{7DD10E31-088E-4D04-B9C9-3FC8244ED2D9}"
EndProject
Global
	GlobalSection(SolutionConfigurationPlatforms) = preSolution
		Debug|Any CPU = Debug|Any CPU
		Release|Any CPU = Release|Any CPU
	EndGlobalSection
	GlobalSection(ProjectConfigurationPlatforms) = postSolution
		{7DD10E31-088E-4D04-B9C9-3FC8244ED2D9}.Debug|Any CPU.ActiveCfg = Debug|Any CPU
		{7DD10E31-088E-4D04-B9C9-3FC8244ED2D9}.Debug|Any CPU.Build.0 = Debug|Any CPU
		{7DD10E31-088E-4D04-B9C9-3FC8244ED2D9}.Release|Any CPU.ActiveCfg = Release|Any CPU
		{7DD10E31-088E-4D04-B9C9-3FC8244ED2D9}.Release|Any CPU.Build.0 = Release|Any CPU
	EndGlobalSection
	GlobalSection(SolutionProperties) = preSolution
		HideSolutionNode = FALSE
	EndGlobalSection
	GlobalSection(ExtensibilityGlobals) = postSolution
		SolutionGuid = {FC2EC06C-A5E0-4176-B086-9FDC86E1F799}
	EndGlobalSection
EndGlobal
